
Microsoft Visual Studio Solution File, Format Version 12.00
# Visual Studio Version 17
VisualStudioVersion = 17.14.36301.6 d17.14
MinimumVisualStudioVersion = 10.0.40219.1
Project("{FAE04EC0-301F-11D3-BF4B-00C04F79EFBC}") = "ClientChat", "ClientChat.csproj", "{5BF80282-C12E-4473-A7FB-21B4682ED13B}"
EndProject
Global
	GlobalSection(SolutionConfigurationPlatforms) = preSolution
		Debug|Any CPU = Debug|Any CPU
		Release|Any CPU = Release|Any CPU
	EndGlobalSection
	GlobalSection(ProjectConfigurationPlatforms) = postSolution
		{5BF80282-C12E-4473-A7FB-21B4682ED13B}.Debug|Any CPU.ActiveCfg = Debug|Any CPU
		{5BF80282-C12E-4473-A7FB-21B4682ED13B}.Debug|Any CPU.Build.0 = Debug|Any CPU
		{5BF80282-C12E-4473-A7FB-21B4682ED13B}.Release|Any CPU.ActiveCfg = Release|Any CPU
		{5BF80282-C12E-4473-A7FB-21B4682ED13B}.Release|Any CPU.Build.0 = Release|Any CPU
	EndGlobalSection
	GlobalSection(SolutionProperties) = preSolution
		HideSolutionNode = FALSE
	EndGlobalSection
	GlobalSection(ExtensibilityGlobals) = postSolution
		SolutionGuid = {31D9192F-1EB8-4320-9254-0CEA382899DD}
	EndGlobalSection
EndGlobal
